
Microsoft Visual Studio Solution File, Format Version 12.00
# Visual Studio Version 16
VisualStudioVersion = 16.0.32802.440
MinimumVisualStudioVersion = 10.0.40219.1
Project("{FAE04EC0-301F-11D3-BF4B-00C04F79EFBC}") = "erisim_belirleyiciler_ve_constructorlar", "erisim_belirleyiciler_ve_constructorlar\erisim_belirleyiciler_ve_constructorlar.csproj", "{A8711B0A-62FF-4ACC-8304-28E5B610DA33}"
EndProject
Global
	GlobalSection(SolutionConfigurationPlatforms) = preSolution
		Debug|Any CPU = Debug|Any CPU
		Release|Any CPU = Release|Any CPU
	EndGlobalSection
	GlobalSection(ProjectConfigurationPlatforms) = postSolution
		{A8711B0A-62FF-4ACC-8304-28E5B610DA33}.Debug|Any CPU.ActiveCfg = Debug|Any CPU
		{A8711B0A-62FF-4ACC-8304-28E5B610DA33}.Debug|Any CPU.Build.0 = Debug|Any CPU
		{A8711B0A-62FF-4ACC-8304-28E5B610DA33}.Release|Any CPU.ActiveCfg = Release|Any CPU
		{A8711B0A-62FF-4ACC-8304-28E5B610DA33}.Release|Any CPU.Build.0 = Release|Any CPU
	EndGlobalSection
	GlobalSection(SolutionProperties) = preSolution
		HideSolutionNode = FALSE
	EndGlobalSection
	GlobalSection(ExtensibilityGlobals) = postSolution
		SolutionGuid = {CEC5835E-1EF7-4B7D-AE5E-E274B408333C}
	EndGlobalSection
EndGlobal
